// !$*UTF8*$!
{
	archiveVersion = 1;
	classes = {
	};
	objectVersion = 46;
	objects = {

/* Begin PBXBuildFile section */
		FD7783E51D4F3DA500429F8C /* main.m in Sources */ = {isa = PBXBuildFile; fileRef = FD7783E41D4F3DA500429F8C /* main.m */; };
		FD7783E81D4F3DA500429F8C /* AppDelegate.m in Sources */ = {isa = PBXBuildFile; fileRef = FD7783E71D4F3DA500429F8C /* AppDelegate.m */; };
		FD7783F01D4F3DA500429F8C /* Assets.xcassets in Resources */ = {isa = PBXBuildFile; fileRef = FD7783EF1D4F3DA500429F8C /* Assets.xcassets */; };
		FD7784021D4F3EC600429F8C /* MTBaseViewController.m in Sources */ = {isa = PBXBuildFile; fileRef = FD7784011D4F3EC600429F8C /* MTBaseViewController.m */; };
		FD7784051D4F3EDE00429F8C /* MTBaseView.m in Sources */ = {isa = PBXBuildFile; fileRef = FD7784041D4F3EDE00429F8C /* MTBaseView.m */; };
		FD7784081D4F3F0700429F8C /* MTMainViewController.m in Sources */ = {isa = PBXBuildFile; fileRef = FD7784071D4F3F0700429F8C /* MTMainViewController.m */; };
		FD77840B1D4F3F3800429F8C /* MTHomeViewController.m in Sources */ = {isa = PBXBuildFile; fileRef = FD77840A1D4F3F3800429F8C /* MTHomeViewController.m */; };
/* End PBXBuildFile section */

/* Begin PBXFileReference section */
		FD7783E01D4F3DA500429F8C /* MeiTuanHD.app */ = {isa = PBXFileReference; explicitFileType = wrapper.application; includeInIndex = 0; path = MeiTuanHD.app; sourceTree = BUILT_PRODUCTS_DIR; };
		FD7783E41D4F3DA500429F8C /* main.m */ = {isa = PBXFileReference; lastKnownFileType = sourcecode.c.objc; path = main.m; sourceTree = "<group>"; };
		FD7783E61D4F3DA500429F8C /* AppDelegate.h */ = {isa = PBXFileReference; lastKnownFileType = sourcecode.c.h; path = AppDelegate.h; sourceTree = "<group>"; };
		FD7783E71D4F3DA500429F8C /* AppDelegate.m */ = {isa = PBXFileReference; lastKnownFileType = sourcecode.c.objc; path = AppDelegate.m; sourceTree = "<group>"; };
		FD7783EF1D4F3DA500429F8C /* Assets.xcassets */ = {isa = PBXFileReference; lastKnownFileType = folder.assetcatalog; path = Assets.xcassets; sourceTree = "<group>"; };
		FD7783F41D4F3DA500429F8C /* Info.plist */ = {isa = PBXFileReference; lastKnownFileType = text.plist.xml; path = Info.plist; sourceTree = "<group>"; };
		FD7784001D4F3EC600429F8C /* MTBaseViewController.h */ = {isa = PBXFileReference; fileEncoding = 4; lastKnownFileType = sourcecode.c.h; path = MTBaseViewController.h; sourceTree = "<group>"; };
		FD7784011D4F3EC600429F8C /* MTBaseViewController.m */ = {isa = PBXFileReference; fileEncoding = 4; lastKnownFileType = sourcecode.c.objc; path = MTBaseViewController.m; sourceTree = "<group>"; };
		FD7784031D4F3EDE00429F8C /* MTBaseView.h */ = {isa = PBXFileReference; fileEncoding = 4; lastKnownFileType = sourcecode.c.h; path = MTBaseView.h; sourceTree = "<group>"; };
		FD7784041D4F3EDE00429F8C /* MTBaseView.m */ = {isa = PBXFileReference; fileEncoding = 4; lastKnownFileType = sourcecode.c.objc; path = MTBaseView.m; sourceTree = "<group>"; };
		FD7784061D4F3F0700429F8C /* MTMainViewController.h */ = {isa = PBXFileReference; fileEncoding = 4; lastKnownFileType = sourcecode.c.h; path = MTMainViewController.h; sourceTree = "<group>"; };
		FD7784071D4F3F0700429F8C /* MTMainViewController.m */ = {isa = PBXFileReference; fileEncoding = 4; lastKnownFileType = sourcecode.c.objc; path = MTMainViewController.m; sourceTree = "<group>"; };
		FD7784091D4F3F3800429F8C /* MTHomeViewController.h */ = {isa = PBXFileReference; fileEncoding = 4; lastKnownFileType = sourcecode.c.h; path = MTHomeViewController.h; sourceTree = "<group>"; };
		FD77840A1D4F3F3800429F8C /* MTHomeViewController.m */ = {isa = PBXFileReference; fileEncoding = 4; lastKnownFileType = sourcecode.c.objc; path = MTHomeViewController.m; sourceTree = "<group>"; };
/* End PBXFileReference section */

/* Begin PBXFrameworksBuildPhase section */
		FD7783DD1D4F3DA500429F8C /* Frameworks */ = {
			isa = PBXFrameworksBuildPhase;
			buildActionMask = 2147483647;
			files = (
			);
			runOnlyForDeploymentPostprocessing = 0;
		};
/* End PBXFrameworksBuildPhase section */

/* Begin PBXGroup section */
		FD7783D71D4F3DA500429F8C = {
			isa = PBXGroup;
			children = (
				FD7783E21D4F3DA500429F8C /* MeiTuanHD */,
				FD7783E11D4F3DA500429F8C /* Products */,
			);
			sourceTree = "<group>";
		};
		FD7783E11D4F3DA500429F8C /* Products */ = {
			isa = PBXGroup;
			children = (
				FD7783E01D4F3DA500429F8C /* MeiTuanHD.app */,
			);
			name = Products;
			sourceTree = "<group>";
		};
		FD7783E21D4F3DA500429F8C /* MeiTuanHD */ = {
			isa = PBXGroup;
			children = (
				FD7783FD1D4F3E2300429F8C /* Tools */,
				FD7783FA1D4F3E2300429F8C /* Classes */,
				FD7783E61D4F3DA500429F8C /* AppDelegate.h */,
				FD7783E71D4F3DA500429F8C /* AppDelegate.m */,
				FD7783E31D4F3DA500429F8C /* Supporting Files */,
			);
			path = MeiTuanHD;
			sourceTree = "<group>";
		};
		FD7783E31D4F3DA500429F8C /* Supporting Files */ = {
			isa = PBXGroup;
			children = (
				FD7783EF1D4F3DA500429F8C /* Assets.xcassets */,
				FD7783F41D4F3DA500429F8C /* Info.plist */,
				FD7783E41D4F3DA500429F8C /* main.m */,
			);
			name = "Supporting Files";
			sourceTree = "<group>";
		};
		FD7783FA1D4F3E2300429F8C /* Classes */ = {
			isa = PBXGroup;
			children = (
				FD7783FC1D4F3E2300429F8C /* Main */,
				FD7783FB1D4F3E2300429F8C /* Home */,
			);
			path = Classes;
			sourceTree = "<group>";
		};
		FD7783FB1D4F3E2300429F8C /* Home */ = {
			isa = PBXGroup;
			children = (
				FD7784091D4F3F3800429F8C /* MTHomeViewController.h */,
				FD77840A1D4F3F3800429F8C /* MTHomeViewController.m */,
			);
			path = Home;
			sourceTree = "<group>";
		};
		FD7783FC1D4F3E2300429F8C /* Main */ = {
			isa = PBXGroup;
			children = (
				FD7783FF1D4F3E8E00429F8C /* BaseViewController */,
				FD7783FE1D4F3E8E00429F8C /* BaseView */,
				FD7784061D4F3F0700429F8C /* MTMainViewController.h */,
				FD7784071D4F3F0700429F8C /* MTMainViewController.m */,
			);
			path = Main;
			sourceTree = "<group>";
		};
		FD7783FD1D4F3E2300429F8C /* Tools */ = {
			isa = PBXGroup;
			children = (
			);
			path = Tools;
			sourceTree = "<group>";
		};
		FD7783FE1D4F3E8E00429F8C /* BaseView */ = {
			isa = PBXGroup;
			children = (
				FD7784031D4F3EDE00429F8C /* MTBaseView.h */,
				FD7784041D4F3EDE00429F8C /* MTBaseView.m */,
			);
			path = BaseView;
			sourceTree = "<group>";
		};
		FD7783FF1D4F3E8E00429F8C /* BaseViewController */ = {
			isa = PBXGroup;
			children = (
				FD7784001D4F3EC600429F8C /* MTBaseViewController.h */,
				FD7784011D4F3EC600429F8C /* MTBaseViewController.m */,
			);
			path = BaseViewController;
			sourceTree = "<group>";
		};
/* End PBXGroup section */

/* Begin PBXNativeTarget section */
		FD7783DF1D4F3DA500429F8C /* MeiTuanHD */ = {
			isa = PBXNativeTarget;
			buildConfigurationList = FD7783F71D4F3DA500429F8C /* Build configuration list for PBXNativeTarget "MeiTuanHD" */;
			buildPhases = (
				FD7783DC1D4F3DA500429F8C /* Sources */,
				FD7783DD1D4F3DA500429F8C /* Frameworks */,
				FD7783DE1D4F3DA500429F8C /* Resources */,
			);
			buildRules = (
			);
			dependencies = (
			);
			name = MeiTuanHD;
			productName = MeiTuanHD;
			productReference = FD7783E01D4F3DA500429F8C /* MeiTuanHD.app */;
			productType = "com.apple.product-type.application";
		};
/* End PBXNativeTarget section */

/* Begin PBXProject section */
		FD7783D81D4F3DA500429F8C /* Project object */ = {
			isa = PBXProject;
			attributes = {
				LastUpgradeCheck = 0730;
				ORGANIZATIONNAME = CrazyHacker;
				TargetAttributes = {
					FD7783DF1D4F3DA500429F8C = {
						CreatedOnToolsVersion = 7.3.1;
					};
				};
			};
			buildConfigurationList = FD7783DB1D4F3DA500429F8C /* Build configuration list for PBXProject "MeiTuanHD" */;
			compatibilityVersion = "Xcode 3.2";
			developmentRegion = English;
			hasScannedForEncodings = 0;
			knownRegions = (
				en,
				Base,
			);
			mainGroup = FD7783D71D4F3DA500429F8C;
			productRefGroup = FD7783E11D4F3DA500429F8C /* Products */;
			projectDirPath = "";
			projectRoot = "";
			targets = (
				FD7783DF1D4F3DA500429F8C /* MeiTuanHD */,
			);
		};
/* End PBXProject section */

/* Begin PBXResourcesBuildPhase section */
		FD7783DE1D4F3DA500429F8C /* Resources */ = {
			isa = PBXResourcesBuildPhase;
			buildActionMask = 2147483647;
			files = (
				FD7783F01D4F3DA500429F8C /* Assets.xcassets in Resources */,
			);
			runOnlyForDeploymentPostprocessing = 0;
		};
/* End PBXResourcesBuildPhase section */

/* Begin PBXSourcesBuildPhase section */
		FD7783DC1D4F3DA500429F8C /* Sources */ = {
			isa = PBXSourcesBuildPhase;
			buildActionMask = 2147483647;
			files = (
				FD7783E81D4F3DA500429F8C /* AppDelegate.m in Sources */,
				FD7784081D4F3F0700429F8C /* MTMainViewController.m in Sources */,
				FD7783E51D4F3DA500429F8C /* main.m in Sources */,
				FD7784051D4F3EDE00429F8C /* MTBaseView.m in Sources */,
				FD77840B1D4F3F3800429F8C /* MTHomeViewController.m in Sources */,
				FD7784021D4F3EC600429F8C /* MTBaseViewController.m in Sources */,
			);
			runOnlyForDeploymentPostprocessing = 0;
		};
/* End PBXSourcesBuildPhase section */

/* Begin XCBuildConfiguration section */
		FD7783F51D4F3DA500429F8C /* Debug */ = {
			isa = XCBuildConfiguration;
			buildSettings = {
				ALWAYS_SEARCH_USER_PATHS = NO;
				CLANG_ANALYZER_NONNULL = YES;
				CLANG_CXX_LANGUAGE_STANDARD = "gnu++0x";
				CLANG_CXX_LIBRARY = "libc++";
				CLANG_ENABLE_MODULES = YES;
				CLANG_ENABLE_OBJC_ARC = YES;
				CLANG_WARN_BOOL_CONVERSION = YES;
				CLANG_WARN_CONSTANT_CONVERSION = YES;
				CLANG_WARN_DIRECT_OBJC_ISA_USAGE = YES_ERROR;
				CLANG_WARN_EMPTY_BODY = YES;
				CLANG_WARN_ENUM_CONVERSION = YES;
				CLANG_WARN_INT_CONVERSION = YES;
				CLANG_WARN_OBJC_ROOT_CLASS = YES_ERROR;
				CLANG_WARN_UNREACHABLE_CODE = YES;
				CLANG_WARN__DUPLICATE_METHOD_MATCH = YES;
				"CODE_SIGN_IDENTITY[sdk=iphoneos*]" = "iPhone Developer";
				COPY_PHASE_STRIP = NO;
				DEBUG_INFORMATION_FORMAT = dwarf;
				ENABLE_STRICT_OBJC_MSGSEND = YES;
				ENABLE_TESTABILITY = YES;
				GCC_C_LANGUAGE_STANDARD = gnu99;
				GCC_DYNAMIC_NO_PIC = NO;
				GCC_NO_COMMON_BLOCKS = YES;
				GCC_OPTIMIZATION_LEVEL = 0;
				GCC_PREPROCESSOR_DEFINITIONS = (
					"DEBUG=1",
					"$(inherited)",
				);
				GCC_WARN_64_TO_32_BIT_CONVERSION = YES;
				GCC_WARN_ABOUT_RETURN_TYPE = YES_ERROR;
				GCC_WARN_UNDECLARED_SELECTOR = YES;
				GCC_WARN_UNINITIALIZED_AUTOS = YES_AGGRESSIVE;
				GCC_WARN_UNUSED_FUNCTION = YES;
				GCC_WARN_UNUSED_VARIABLE = YES;
				IPHONEOS_DEPLOYMENT_TARGET = 9.3;
				MTL_ENABLE_DEBUG_INFO = YES;
				ONLY_ACTIVE_ARCH = YES;
				SDKROOT = iphoneos;
				TARGETED_DEVICE_FAMILY = "1,2";
			};
			name = Debug;
		};
		FD7783F61D4F3DA500429F8C /* Release */ = {
			isa = XCBuildConfiguration;
			buildSettings = {
				ALWAYS_SEARCH_USER_PATHS = NO;
				CLANG_ANALYZER_NONNULL = YES;
				CLANG_CXX_LANGUAGE_STANDARD = "gnu++0x";
				CLANG_CXX_LIBRARY = "libc++";
				CLANG_ENABLE_MODULES = YES;
				CLANG_ENABLE_OBJC_ARC = YES;
				CLANG_WARN_BOOL_CONVERSION = YES;
				CLANG_WARN_CONSTANT_CONVERSION = YES;
				CLANG_WARN_DIRECT_OBJC_ISA_USAGE = YES_ERROR;
				CLANG_WARN_EMPTY_BODY = YES;
				CLANG_WARN_ENUM_CONVERSION = YES;
				CLANG_WARN_INT_CONVERSION = YES;
				CLANG_WARN_OBJC_ROOT_CLASS = YES_ERROR;
				CLANG_WARN_UNREACHABLE_CODE = YES;
				CLANG_WARN__DUPLICATE_METHOD_MATCH = YES;
				"CODE_SIGN_IDENTITY[sdk=iphoneos*]" = "iPhone Developer";
				COPY_PHASE_STRIP = NO;
				DEBUG_INFORMATION_FORMAT = "dwarf-with-dsym";
				ENABLE_NS_ASSERTIONS = NO;
				ENABLE_STRICT_OBJC_MSGSEND = YES;
				GCC_C_LANGUAGE_STANDARD = gnu99;
				GCC_NO_COMMON_BLOCKS = YES;
				GCC_WARN_64_TO_32_BIT_CONVERSION = YES;
				GCC_WARN_ABOUT_RETURN_TYPE = YES_ERROR;
				GCC_WARN_UNDECLARED_SELECTOR = YES;
				GCC_WARN_UNINITIALIZED_AUTOS = YES_AGGRESSIVE;
				GCC_WARN_UNUSED_FUNCTION = YES;
				GCC_WARN_UNUSED_VARIABLE = YES;
				IPHONEOS_DEPLOYMENT_TARGET = 9.3;
				MTL_ENABLE_DEBUG_INFO = NO;
				SDKROOT = iphoneos;
				TARGETED_DEVICE_FAMILY = "1,2";
				VALIDATE_PRODUCT = YES;
			};
			name = Release;
		};
		FD7783F81D4F3DA500429F8C /* Debug */ = {
			isa = XCBuildConfiguration;
			buildSettings = {
				ASSETCATALOG_COMPILER_APPICON_NAME = AppIcon;
				INFOPLIST_FILE = MeiTuanHD/Info.plist;
				LD_RUNPATH_SEARCH_PATHS = "$(inherited) @executable_path/Frameworks";
				PRODUCT_BUNDLE_IDENTIFIER = cn.CrazyHacker.MeiTuanHD;
				PRODUCT_NAME = "$(TARGET_NAME)";
			};
			name = Debug;
		};
		FD7783F91D4F3DA500429F8C /* Release */ = {
			isa = XCBuildConfiguration;
			buildSettings = {
				ASSETCATALOG_COMPILER_APPICON_NAME = AppIcon;
				INFOPLIST_FILE = MeiTuanHD/Info.plist;
				LD_RUNPATH_SEARCH_PATHS = "$(inherited) @executable_path/Frameworks";
				PRODUCT_BUNDLE_IDENTIFIER = cn.CrazyHacker.MeiTuanHD;
				PRODUCT_NAME = "$(TARGET_NAME)";
			};
			name = Release;
		};
/* End XCBuildConfiguration section */

/* Begin XCConfigurationList section */
		FD7783DB1D4F3DA500429F8C /* Build configuration list for PBXProject "MeiTuanHD" */ = {
			isa = XCConfigurationList;
			buildConfigurations = (
				FD7783F51D4F3DA500429F8C /* Debug */,
				FD7783F61D4F3DA500429F8C /* Release */,
			);
			defaultConfigurationIsVisible = 0;
			defaultConfigurationName = Release;
		};
		FD7783F71D4F3DA500429F8C /* Build configuration list for PBXNativeTarget "MeiTuanHD" */ = {
			isa = XCConfigurationList;
			buildConfigurations = (
				FD7783F81D4F3DA500429F8C /* Debug */,
				FD7783F91D4F3DA500429F8C /* Release */,
			);
			defaultConfigurationIsVisible = 0;
		};
/* End XCConfigurationList section */
	};
	rootObject = FD7783D81D4F3DA500429F8C /* Project object */;
}
